
Microsoft Visual Studio Solution File, Format Version 12.00
# Visual Studio Version 17
VisualStudioVersion = 17.0.31903.59
MinimumVisualStudioVersion = 10.0.40219.1
Project("{FAE04EC0-301F-11D3-BF4B-00C04F79EFBC}") = "Exercise1", "Exercise1\Exercise1.csproj", "{02A58EE1-DBD1-4B7E-BAD6-D723C7B34236}"
EndProject
Project("{FAE04EC0-301F-11D3-BF4B-00C04F79EFBC}") = "Exercise2", "Exercise2\Exercise2.csproj", "{89F258B6-1766-4655-9E86-868322656029}"
EndProject
Project("{FAE04EC0-301F-11D3-BF4B-00C04F79EFBC}") = "Exercise3", "Exercise3\Exercise3.csproj", "{C15F2813-464A-4F19-B562-0C42C06F3AA6}"
EndProject
Global
	GlobalSection(SolutionConfigurationPlatforms) = preSolution
		Debug|Any CPU = Debug|Any CPU
		Debug|x64 = Debug|x64
		Debug|x86 = Debug|x86
		Release|Any CPU = Release|Any CPU
		Release|x64 = Release|x64
		Release|x86 = Release|x86
	EndGlobalSection
	GlobalSection(ProjectConfigurationPlatforms) = postSolution
		{02A58EE1-DBD1-4B7E-BAD6-D723C7B34236}.Debug|Any CPU.ActiveCfg = Debug|Any CPU
		{02A58EE1-DBD1-4B7E-BAD6-D723C7B34236}.Debug|Any CPU.Build.0 = Debug|Any CPU
		{02A58EE1-DBD1-4B7E-BAD6-D723C7B34236}.Debug|x64.ActiveCfg = Debug|Any CPU
		{02A58EE1-DBD1-4B7E-BAD6-D723C7B34236}.Debug|x64.Build.0 = Debug|Any CPU
		{02A58EE1-DBD1-4B7E-BAD6-D723C7B34236}.Debug|x86.ActiveCfg = Debug|Any CPU
		{02A58EE1-DBD1-4B7E-BAD6-D723C7B34236}.Debug|x86.Build.0 = Debug|Any CPU
		{02A58EE1-DBD1-4B7E-BAD6-D723C7B34236}.Release|Any CPU.ActiveCfg = Release|Any CPU
		{02A58EE1-DBD1-4B7E-BAD6-D723C7B34236}.Release|Any CPU.Build.0 = Release|Any CPU
		{02A58EE1-DBD1-4B7E-BAD6-D723C7B34236}.Release|x64.ActiveCfg = Release|Any CPU
		{02A58EE1-DBD1-4B7E-BAD6-D723C7B34236}.Release|x64.Build.0 = Release|Any CPU
		{02A58EE1-DBD1-4B7E-BAD6-D723C7B34236}.Release|x86.ActiveCfg = Release|Any CPU
		{02A58EE1-DBD1-4B7E-BAD6-D723C7B34236}.Release|x86.Build.0 = Release|Any CPU
		{89F258B6-1766-4655-9E86-868322656029}.Debug|Any CPU.ActiveCfg = Debug|Any CPU
		{89F258B6-1766-4655-9E86-868322656029}.Debug|Any CPU.Build.0 = Debug|Any CPU
		{89F258B6-1766-4655-9E86-868322656029}.Debug|x64.ActiveCfg = Debug|Any CPU
		{89F258B6-1766-4655-9E86-868322656029}.Debug|x64.Build.0 = Debug|Any CPU
		{89F258B6-1766-4655-9E86-868322656029}.Debug|x86.ActiveCfg = Debug|Any CPU
		{89F258B6-1766-4655-9E86-868322656029}.Debug|x86.Build.0 = Debug|Any CPU
		{89F258B6-1766-4655-9E86-868322656029}.Release|Any CPU.ActiveCfg = Release|Any CPU
		{89F258B6-1766-4655-9E86-868322656029}.Release|Any CPU.Build.0 = Release|Any CPU
		{89F258B6-1766-4655-9E86-868322656029}.Release|x64.ActiveCfg = Release|Any CPU
		{89F258B6-1766-4655-9E86-868322656029}.Release|x64.Build.0 = Release|Any CPU
		{89F258B6-1766-4655-9E86-868322656029}.Release|x86.ActiveCfg = Release|Any CPU
		{89F258B6-1766-4655-9E86-868322656029}.Release|x86.Build.0 = Release|Any CPU
		{C15F2813-464A-4F19-B562-0C42C06F3AA6}.Debug|Any CPU.ActiveCfg = Debug|Any CPU
		{C15F2813-464A-4F19-B562-0C42C06F3AA6}.Debug|Any CPU.Build.0 = Debug|Any CPU
		{C15F2813-464A-4F19-B562-0C42C06F3AA6}.Debug|x64.ActiveCfg = Debug|Any CPU
		{C15F2813-464A-4F19-B562-0C42C06F3AA6}.Debug|x64.Build.0 = Debug|Any CPU
		{C15F2813-464A-4F19-B562-0C42C06F3AA6}.Debug|x86.ActiveCfg = Debug|Any CPU
		{C15F2813-464A-4F19-B562-0C42C06F3AA6}.Debug|x86.Build.0 = Debug|Any CPU
		{C15F2813-464A-4F19-B562-0C42C06F3AA6}.Release|Any CPU.ActiveCfg = Release|Any CPU
		{C15F2813-464A-4F19-B562-0C42C06F3AA6}.Release|Any CPU.Build.0 = Release|Any CPU
		{C15F2813-464A-4F19-B562-0C42C06F3AA6}.Release|x64.ActiveCfg = Release|Any CPU
		{C15F2813-464A-4F19-B562-0C42C06F3AA6}.Release|x64.Build.0 = Release|Any CPU
		{C15F2813-464A-4F19-B562-0C42C06F3AA6}.Release|x86.ActiveCfg = Release|Any CPU
		{C15F2813-464A-4F19-B562-0C42C06F3AA6}.Release|x86.Build.0 = Release|Any CPU
	EndGlobalSection
	GlobalSection(SolutionProperties) = preSolution
		HideSolutionNode = FALSE
	EndGlobalSection
EndGlobal
